// !$*UTF8*$!
{
	archiveVersion = 1;
	classes = {
	};
	objectVersion = 50;
	objects = {

/* Begin PBXBuildFile section */
		F66D652D22DAB0CA009B5CC4 /* AppDelegate.swift in Sources */ = {isa = PBXBuildFile; fileRef = F66D652C22DAB0CA009B5CC4 /* AppDelegate.swift */; };
		F66D652F22DAB0CA009B5CC4 /* ViewController.swift in Sources */ = {isa = PBXBuildFile; fileRef = F66D652E22DAB0CA009B5CC4 /* ViewController.swift */; };
		F66D653222DAB0CA009B5CC4 /* Main.storyboard in Resources */ = {isa = PBXBuildFile; fileRef = F66D653022DAB0CA009B5CC4 /* Main.storyboard */; };
		F66D653422DAB0CB009B5CC4 /* Assets.xcassets in Resources */ = {isa = PBXBuildFile; fileRef = F66D653322DAB0CB009B5CC4 /* Assets.xcassets */; };
		F66D653722DAB0CB009B5CC4 /* LaunchScreen.storyboard in Resources */ = {isa = PBXBuildFile; fileRef = F66D653522DAB0CB009B5CC4 /* LaunchScreen.storyboard */; };
		F66D654222DAB0CB009B5CC4 /* TDD_and_dependency_injection_experimentTests.swift in Sources */ = {isa = PBXBuildFile; fileRef = F66D654122DAB0CB009B5CC4 /* TDD_and_dependency_injection_experimentTests.swift */; };
/* End PBXBuildFile section */

/* Begin PBXContainerItemProxy section */
		F66D653E22DAB0CB009B5CC4 /* PBXContainerItemProxy */ = {
			isa = PBXContainerItemProxy;
			containerPortal = F66D652122DAB0CA009B5CC4 /* Project object */;
			proxyType = 1;
			remoteGlobalIDString = F66D652822DAB0CA009B5CC4;
			remoteInfo = "TDD-and-dependency-injection-experiment";
		};
/* End PBXContainerItemProxy section */

/* Begin PBXFileReference section */
		F66D652922DAB0CA009B5CC4 /* TDD-and-dependency-injection-experiment.app */ = {isa = PBXFileReference; explicitFileType = wrapper.application; includeInIndex = 0; path = "TDD-and-dependency-injection-experiment.app"; sourceTree = BUILT_PRODUCTS_DIR; };
		F66D652C22DAB0CA009B5CC4 /* AppDelegate.swift */ = {isa = PBXFileReference; lastKnownFileType = sourcecode.swift; path = AppDelegate.swift; sourceTree = "<group>"; };
		F66D652E22DAB0CA009B5CC4 /* ViewController.swift */ = {isa = PBXFileReference; lastKnownFileType = sourcecode.swift; path = ViewController.swift; sourceTree = "<group>"; };
		F66D653122DAB0CA009B5CC4 /* Base */ = {isa = PBXFileReference; lastKnownFileType = file.storyboard; name = Base; path = Base.lproj/Main.storyboard; sourceTree = "<group>"; };
		F66D653322DAB0CB009B5CC4 /* Assets.xcassets */ = {isa = PBXFileReference; lastKnownFileType = folder.assetcatalog; path = Assets.xcassets; sourceTree = "<group>"; };
		F66D653622DAB0CB009B5CC4 /* Base */ = {isa = PBXFileReference; lastKnownFileType = file.storyboard; name = Base; path = Base.lproj/LaunchScreen.storyboard; sourceTree = "<group>"; };
		F66D653822DAB0CB009B5CC4 /* Info.plist */ = {isa = PBXFileReference; lastKnownFileType = text.plist.xml; path = Info.plist; sourceTree = "<group>"; };
		F66D653D22DAB0CB009B5CC4 /* TDD-and-dependency-injection-experimentTests.xctest */ = {isa = PBXFileReference; explicitFileType = wrapper.cfbundle; includeInIndex = 0; path = "TDD-and-dependency-injection-experimentTests.xctest"; sourceTree = BUILT_PRODUCTS_DIR; };
		F66D654122DAB0CB009B5CC4 /* TDD_and_dependency_injection_experimentTests.swift */ = {isa = PBXFileReference; lastKnownFileType = sourcecode.swift; path = TDD_and_dependency_injection_experimentTests.swift; sourceTree = "<group>"; };
		F66D654322DAB0CB009B5CC4 /* Info.plist */ = {isa = PBXFileReference; lastKnownFileType = text.plist.xml; path = Info.plist; sourceTree = "<group>"; };
/* End PBXFileReference section */

/* Begin PBXFrameworksBuildPhase section */
		F66D652622DAB0CA009B5CC4 /* Frameworks */ = {
			isa = PBXFrameworksBuildPhase;
			buildActionMask = 2147483647;
			files = (
			);
			runOnlyForDeploymentPostprocessing = 0;
		};
		F66D653A22DAB0CB009B5CC4 /* Frameworks */ = {
			isa = PBXFrameworksBuildPhase;
			buildActionMask = 2147483647;
			files = (
			);
			runOnlyForDeploymentPostprocessing = 0;
		};
/* End PBXFrameworksBuildPhase section */

/* Begin PBXGroup section */
		F66D652022DAB0CA009B5CC4 = {
			isa = PBXGroup;
			children = (
				F66D652B22DAB0CA009B5CC4 /* TDD-and-dependency-injection-experiment */,
				F66D654022DAB0CB009B5CC4 /* TDD-and-dependency-injection-experimentTests */,
				F66D652A22DAB0CA009B5CC4 /* Products */,
			);
			sourceTree = "<group>";
		};
		F66D652A22DAB0CA009B5CC4 /* Products */ = {
			isa = PBXGroup;
			children = (
				F66D652922DAB0CA009B5CC4 /* TDD-and-dependency-injection-experiment.app */,
				F66D653D22DAB0CB009B5CC4 /* TDD-and-dependency-injection-experimentTests.xctest */,
			);
			name = Products;
			sourceTree = "<group>";
		};
		F66D652B22DAB0CA009B5CC4 /* TDD-and-dependency-injection-experiment */ = {
			isa = PBXGroup;
			children = (
				F66D652C22DAB0CA009B5CC4 /* AppDelegate.swift */,
				F66D652E22DAB0CA009B5CC4 /* ViewController.swift */,
				F66D653022DAB0CA009B5CC4 /* Main.storyboard */,
				F66D653322DAB0CB009B5CC4 /* Assets.xcassets */,
				F66D653522DAB0CB009B5CC4 /* LaunchScreen.storyboard */,
				F66D653822DAB0CB009B5CC4 /* Info.plist */,
			);
			path = "TDD-and-dependency-injection-experiment";
			sourceTree = "<group>";
		};
		F66D654022DAB0CB009B5CC4 /* TDD-and-dependency-injection-experimentTests */ = {
			isa = PBXGroup;
			children = (
				F66D654122DAB0CB009B5CC4 /* TDD_and_dependency_injection_experimentTests.swift */,
				F66D654322DAB0CB009B5CC4 /* Info.plist */,
			);
			path = "TDD-and-dependency-injection-experimentTests";
			sourceTree = "<group>";
		};
/* End PBXGroup section */

/* Begin PBXNativeTarget section */
		F66D652822DAB0CA009B5CC4 /* TDD-and-dependency-injection-experiment */ = {
			isa = PBXNativeTarget;
			buildConfigurationList = F66D654622DAB0CB009B5CC4 /* Build configuration list for PBXNativeTarget "TDD-and-dependency-injection-experiment" */;
			buildPhases = (
				F66D652522DAB0CA009B5CC4 /* Sources */,
				F66D652622DAB0CA009B5CC4 /* Frameworks */,
				F66D652722DAB0CA009B5CC4 /* Resources */,
			);
			buildRules = (
			);
			dependencies = (
			);
			name = "TDD-and-dependency-injection-experiment";
			productName = "TDD-and-dependency-injection-experiment";
			productReference = F66D652922DAB0CA009B5CC4 /* TDD-and-dependency-injection-experiment.app */;
			productType = "com.apple.product-type.application";
		};
		F66D653C22DAB0CB009B5CC4 /* TDD-and-dependency-injection-experimentTests */ = {
			isa = PBXNativeTarget;
			buildConfigurationList = F66D654922DAB0CB009B5CC4 /* Build configuration list for PBXNativeTarget "TDD-and-dependency-injection-experimentTests" */;
			buildPhases = (
				F66D653922DAB0CB009B5CC4 /* Sources */,
				F66D653A22DAB0CB009B5CC4 /* Frameworks */,
				F66D653B22DAB0CB009B5CC4 /* Resources */,
			);
			buildRules = (
			);
			dependencies = (
				F66D653F22DAB0CB009B5CC4 /* PBXTargetDependency */,
			);
			name = "TDD-and-dependency-injection-experimentTests";
			productName = "TDD-and-dependency-injection-experimentTests";
			productReference = F66D653D22DAB0CB009B5CC4 /* TDD-and-dependency-injection-experimentTests.xctest */;
			productType = "com.apple.product-type.bundle.unit-test";
		};
/* End PBXNativeTarget section */

/* Begin PBXProject section */
		F66D652122DAB0CA009B5CC4 /* Project object */ = {
			isa = PBXProject;
			attributes = {
				LastSwiftUpdateCheck = 1020;
				LastUpgradeCheck = 1020;
				ORGANIZATIONNAME = "stanley jovel";
				TargetAttributes = {
					F66D652822DAB0CA009B5CC4 = {
						CreatedOnToolsVersion = 10.2.1;
					};
					F66D653C22DAB0CB009B5CC4 = {
						CreatedOnToolsVersion = 10.2.1;
						TestTargetID = F66D652822DAB0CA009B5CC4;
					};
				};
			};
			buildConfigurationList = F66D652422DAB0CA009B5CC4 /* Build configuration list for PBXProject "TDD-and-dependency-injection-experiment" */;
			compatibilityVersion = "Xcode 9.3";
			developmentRegion = en;
			hasScannedForEncodings = 0;
			knownRegions = (
				en,
				Base,
			);
			mainGroup = F66D652022DAB0CA009B5CC4;
			productRefGroup = F66D652A22DAB0CA009B5CC4 /* Products */;
			projectDirPath = "";
			projectRoot = "";
			targets = (
				F66D652822DAB0CA009B5CC4 /* TDD-and-dependency-injection-experiment */,
				F66D653C22DAB0CB009B5CC4 /* TDD-and-dependency-injection-experimentTests */,
			);
		};
/* End PBXProject section */

/* Begin PBXResourcesBuildPhase section */
		F66D652722DAB0CA009B5CC4 /* Resources */ = {
			isa = PBXResourcesBuildPhase;
			buildActionMask = 2147483647;
			files = (
				F66D653722DAB0CB009B5CC4 /* LaunchScreen.storyboard in Resources */,
				F66D653422DAB0CB009B5CC4 /* Assets.xcassets in Resources */,
				F66D653222DAB0CA009B5CC4 /* Main.storyboard in Resources */,
			);
			runOnlyForDeploymentPostprocessing = 0;
		};
		F66D653B22DAB0CB009B5CC4 /* Resources */ = {
			isa = PBXResourcesBuildPhase;
			buildActionMask = 2147483647;
			files = (
			);
			runOnlyForDeploymentPostprocessing = 0;
		};
/* End PBXResourcesBuildPhase section */

/* Begin PBXSourcesBuildPhase section */
		F66D652522DAB0CA009B5CC4 /* Sources */ = {
			isa = PBXSourcesBuildPhase;
			buildActionMask = 2147483647;
			files = (
				F66D652F22DAB0CA009B5CC4 /* ViewController.swift in Sources */,
				F66D652D22DAB0CA009B5CC4 /* AppDelegate.swift in Sources */,
			);
			runOnlyForDeploymentPostprocessing = 0;
		};
		F66D653922DAB0CB009B5CC4 /* Sources */ = {
			isa = PBXSourcesBuildPhase;
			buildActionMask = 2147483647;
			files = (
				F66D654222DAB0CB009B5CC4 /* TDD_and_dependency_injection_experimentTests.swift in Sources */,
			);
			runOnlyForDeploymentPostprocessing = 0;
		};
/* End PBXSourcesBuildPhase section */

/* Begin PBXTargetDependency section */
		F66D653F22DAB0CB009B5CC4 /* PBXTargetDependency */ = {
			isa = PBXTargetDependency;
			target = F66D652822DAB0CA009B5CC4 /* TDD-and-dependency-injection-experiment */;
			targetProxy = F66D653E22DAB0CB009B5CC4 /* PBXContainerItemProxy */;
		};
/* End PBXTargetDependency section */

/* Begin PBXVariantGroup section */
		F66D653022DAB0CA009B5CC4 /* Main.storyboard */ = {
			isa = PBXVariantGroup;
			children = (
				F66D653122DAB0CA009B5CC4 /* Base */,
			);
			name = Main.storyboard;
			sourceTree = "<group>";
		};
		F66D653522DAB0CB009B5CC4 /* LaunchScreen.storyboard */ = {
			isa = PBXVariantGroup;
			children = (
				F66D653622DAB0CB009B5CC4 /* Base */,
			);
			name = LaunchScreen.storyboard;
			sourceTree = "<group>";
		};
/* End PBXVariantGroup section */

/* Begin XCBuildConfiguration section */
		F66D654422DAB0CB009B5CC4 /* Debug */ = {
			isa = XCBuildConfiguration;
			buildSettings = {
				ALWAYS_SEARCH_USER_PATHS = NO;
				CLANG_ANALYZER_NONNULL = YES;
				CLANG_ANALYZER_NUMBER_OBJECT_CONVERSION = YES_AGGRESSIVE;
				CLANG_CXX_LANGUAGE_STANDARD = "gnu++14";
				CLANG_CXX_LIBRARY = "libc++";
				CLANG_ENABLE_MODULES = YES;
				CLANG_ENABLE_OBJC_ARC = YES;
				CLANG_ENABLE_OBJC_WEAK = YES;
				CLANG_WARN_BLOCK_CAPTURE_AUTORELEASING = YES;
				CLANG_WARN_BOOL_CONVERSION = YES;
				CLANG_WARN_COMMA = YES;
				CLANG_WARN_CONSTANT_CONVERSION = YES;
				CLANG_WARN_DEPRECATED_OBJC_IMPLEMENTATIONS = YES;
				CLANG_WARN_DIRECT_OBJC_ISA_USAGE = YES_ERROR;
				CLANG_WARN_DOCUMENTATION_COMMENTS = YES;
				CLANG_WARN_EMPTY_BODY = YES;
				CLANG_WARN_ENUM_CONVERSION = YES;
				CLANG_WARN_INFINITE_RECURSION = YES;
				CLANG_WARN_INT_CONVERSION = YES;
				CLANG_WARN_NON_LITERAL_NULL_CONVERSION = YES;
				CLANG_WARN_OBJC_IMPLICIT_RETAIN_SELF = YES;
				CLANG_WARN_OBJC_LITERAL_CONVERSION = YES;
				CLANG_WARN_OBJC_ROOT_CLASS = YES_ERROR;
				CLANG_WARN_RANGE_LOOP_ANALYSIS = YES;
				CLANG_WARN_STRICT_PROTOTYPES = YES;
				CLANG_WARN_SUSPICIOUS_MOVE = YES;
				CLANG_WARN_UNGUARDED_AVAILABILITY = YES_AGGRESSIVE;
				CLANG_WARN_UNREACHABLE_CODE = YES;
				CLANG_WARN__DUPLICATE_METHOD_MATCH = YES;
				CODE_SIGN_IDENTITY = "iPhone Developer";
				COPY_PHASE_STRIP = NO;
				DEBUG_INFORMATION_FORMAT = dwarf;
				ENABLE_STRICT_OBJC_MSGSEND = YES;
				ENABLE_TESTABILITY = YES;
				GCC_C_LANGUAGE_STANDARD = gnu11;
				GCC_DYNAMIC_NO_PIC = NO;
				GCC_NO_COMMON_BLOCKS = YES;
				GCC_OPTIMIZATION_LEVEL = 0;
				GCC_PREPROCESSOR_DEFINITIONS = (
					"DEBUG=1",
					"$(inherited)",
				);
				GCC_WARN_64_TO_32_BIT_CONVERSION = YES;
				GCC_WARN_ABOUT_RETURN_TYPE = YES_ERROR;
				GCC_WARN_UNDECLARED_SELECTOR = YES;
				GCC_WARN_UNINITIALIZED_AUTOS = YES_AGGRESSIVE;
				GCC_WARN_UNUSED_FUNCTION = YES;
				GCC_WARN_UNUSED_VARIABLE = YES;
				IPHONEOS_DEPLOYMENT_TARGET = 12.2;
				MTL_ENABLE_DEBUG_INFO = INCLUDE_SOURCE;
				MTL_FAST_MATH = YES;
				ONLY_ACTIVE_ARCH = YES;
				SDKROOT = iphoneos;
				SWIFT_ACTIVE_COMPILATION_CONDITIONS = DEBUG;
				SWIFT_OPTIMIZATION_LEVEL = "-Onone";
			};
			name = Debug;
		};
		F66D654522DAB0CB009B5CC4 /* Release */ = {
			isa = XCBuildConfiguration;
			buildSettings = {
				ALWAYS_SEARCH_USER_PATHS = NO;
				CLANG_ANALYZER_NONNULL = YES;
				CLANG_ANALYZER_NUMBER_OBJECT_CONVERSION = YES_AGGRESSIVE;
				CLANG_CXX_LANGUAGE_STANDARD = "gnu++14";
				CLANG_CXX_LIBRARY = "libc++";
				CLANG_ENABLE_MODULES = YES;
				CLANG_ENABLE_OBJC_ARC = YES;
				CLANG_ENABLE_OBJC_WEAK = YES;
				CLANG_WARN_BLOCK_CAPTURE_AUTORELEASING = YES;
				CLANG_WARN_BOOL_CONVERSION = YES;
				CLANG_WARN_COMMA = YES;
				CLANG_WARN_CONSTANT_CONVERSION = YES;
				CLANG_WARN_DEPRECATED_OBJC_IMPLEMENTATIONS = YES;
				CLANG_WARN_DIRECT_OBJC_ISA_USAGE = YES_ERROR;
				CLANG_WARN_DOCUMENTATION_COMMENTS = YES;
				CLANG_WARN_EMPTY_BODY = YES;
				CLANG_WARN_ENUM_CONVERSION = YES;
				CLANG_WARN_INFINITE_RECURSION = YES;
				CLANG_WARN_INT_CONVERSION = YES;
				CLANG_WARN_NON_LITERAL_NULL_CONVERSION = YES;
				CLANG_WARN_OBJC_IMPLICIT_RETAIN_SELF = YES;
				CLANG_WARN_OBJC_LITERAL_CONVERSION = YES;
				CLANG_WARN_OBJC_ROOT_CLASS = YES_ERROR;
				CLANG_WARN_RANGE_LOOP_ANALYSIS = YES;
				CLANG_WARN_STRICT_PROTOTYPES = YES;
				CLANG_WARN_SUSPICIOUS_MOVE = YES;
				CLANG_WARN_UNGUARDED_AVAILABILITY = YES_AGGRESSIVE;
				CLANG_WARN_UNREACHABLE_CODE = YES;
				CLANG_WARN__DUPLICATE_METHOD_MATCH = YES;
				CODE_SIGN_IDENTITY = "iPhone Developer";
				COPY_PHASE_STRIP = NO;
				DEBUG_INFORMATION_FORMAT = "dwarf-with-dsym";
				ENABLE_NS_ASSERTIONS = NO;
				ENABLE_STRICT_OBJC_MSGSEND = YES;
				GCC_C_LANGUAGE_STANDARD = gnu11;
				GCC_NO_COMMON_BLOCKS = YES;
				GCC_WARN_64_TO_32_BIT_CONVERSION = YES;
				GCC_WARN_ABOUT_RETURN_TYPE = YES_ERROR;
				GCC_WARN_UNDECLARED_SELECTOR = YES;
				GCC_WARN_UNINITIALIZED_AUTOS = YES_AGGRESSIVE;
				GCC_WARN_UNUSED_FUNCTION = YES;
				GCC_WARN_UNUSED_VARIABLE = YES;
				IPHONEOS_DEPLOYMENT_TARGET = 12.2;
				MTL_ENABLE_DEBUG_INFO = NO;
				MTL_FAST_MATH = YES;
				SDKROOT = iphoneos;
				SWIFT_COMPILATION_MODE = wholemodule;
				SWIFT_OPTIMIZATION_LEVEL = "-O";
				VALIDATE_PRODUCT = YES;
			};
			name = Release;
		};
		F66D654722DAB0CB009B5CC4 /* Debug */ = {
			isa = XCBuildConfiguration;
			buildSettings = {
				ASSETCATALOG_COMPILER_APPICON_NAME = AppIcon;
				CODE_SIGN_STYLE = Automatic;
				INFOPLIST_FILE = "TDD-and-dependency-injection-experiment/Info.plist";
				LD_RUNPATH_SEARCH_PATHS = (
					"$(inherited)",
					"@executable_path/Frameworks",
				);
				PRODUCT_BUNDLE_IDENTIFIER = "com.stanleyjovel.TDD-and-dependency-injection-experiment";
				PRODUCT_NAME = "$(TARGET_NAME)";
				SWIFT_VERSION = 5.0;
				TARGETED_DEVICE_FAMILY = "1,2";
			};
			name = Debug;
		};
		F66D654822DAB0CB009B5CC4 /* Release */ = {
			isa = XCBuildConfiguration;
			buildSettings = {
				ASSETCATALOG_COMPILER_APPICON_NAME = AppIcon;
				CODE_SIGN_STYLE = Automatic;
				INFOPLIST_FILE = "TDD-and-dependency-injection-experiment/Info.plist";
				LD_RUNPATH_SEARCH_PATHS = (
					"$(inherited)",
					"@executable_path/Frameworks",
				);
				PRODUCT_BUNDLE_IDENTIFIER = "com.stanleyjovel.TDD-and-dependency-injection-experiment";
				PRODUCT_NAME = "$(TARGET_NAME)";
				SWIFT_VERSION = 5.0;
				TARGETED_DEVICE_FAMILY = "1,2";
			};
			name = Release;
		};
		F66D654A22DAB0CB009B5CC4 /* Debug */ = {
			isa = XCBuildConfiguration;
			buildSettings = {
				ALWAYS_EMBED_SWIFT_STANDARD_LIBRARIES = YES;
				BUNDLE_LOADER = "$(TEST_HOST)";
				CODE_SIGN_STYLE = Automatic;
				INFOPLIST_FILE = "TDD-and-dependency-injection-experimentTests/Info.plist";
				LD_RUNPATH_SEARCH_PATHS = (
					"$(inherited)",
					"@executable_path/Frameworks",
					"@loader_path/Frameworks",
				);
				PRODUCT_BUNDLE_IDENTIFIER = "com.stanleyjovel.TDD-and-dependency-injection-experimentTests";
				PRODUCT_NAME = "$(TARGET_NAME)";
				SWIFT_VERSION = 5.0;
				TARGETED_DEVICE_FAMILY = "1,2";
				TEST_HOST = "$(BUILT_PRODUCTS_DIR)/TDD-and-dependency-injection-experiment.app/TDD-and-dependency-injection-experiment";
			};
			name = Debug;
		};
		F66D654B22DAB0CB009B5CC4 /* Release */ = {
			isa = XCBuildConfiguration;
			buildSettings = {
				ALWAYS_EMBED_SWIFT_STANDARD_LIBRARIES = YES;
				BUNDLE_LOADER = "$(TEST_HOST)";
				CODE_SIGN_STYLE = Automatic;
				INFOPLIST_FILE = "TDD-and-dependency-injection-experimentTests/Info.plist";
				LD_RUNPATH_SEARCH_PATHS = (
					"$(inherited)",
					"@executable_path/Frameworks",
					"@loader_path/Frameworks",
				);
				PRODUCT_BUNDLE_IDENTIFIER = "com.stanleyjovel.TDD-and-dependency-injection-experimentTests";
				PRODUCT_NAME = "$(TARGET_NAME)";
				SWIFT_VERSION = 5.0;
				TARGETED_DEVICE_FAMILY = "1,2";
				TEST_HOST = "$(BUILT_PRODUCTS_DIR)/TDD-and-dependency-injection-experiment.app/TDD-and-dependency-injection-experiment";
			};
			name = Release;
		};
/* End XCBuildConfiguration section */

/* Begin XCConfigurationList section */
		F66D652422DAB0CA009B5CC4 /* Build configuration list for PBXProject "TDD-and-dependency-injection-experiment" */ = {
			isa = XCConfigurationList;
			buildConfigurations = (
				F66D654422DAB0CB009B5CC4 /* Debug */,
				F66D654522DAB0CB009B5CC4 /* Release */,
			);
			defaultConfigurationIsVisible = 0;
			defaultConfigurationName = Release;
		};
		F66D654622DAB0CB009B5CC4 /* Build configuration list for PBXNativeTarget "TDD-and-dependency-injection-experiment" */ = {
			isa = XCConfigurationList;
			buildConfigurations = (
				F66D654722DAB0CB009B5CC4 /* Debug */,
				F66D654822DAB0CB009B5CC4 /* Release */,
			);
			defaultConfigurationIsVisible = 0;
			defaultConfigurationName = Release;
		};
		F66D654922DAB0CB009B5CC4 /* Build configuration list for PBXNativeTarget "TDD-and-dependency-injection-experimentTests" */ = {
			isa = XCConfigurationList;
			buildConfigurations = (
				F66D654A22DAB0CB009B5CC4 /* Debug */,
				F66D654B22DAB0CB009B5CC4 /* Release */,
			);
			defaultConfigurationIsVisible = 0;
			defaultConfigurationName = Release;
		};
/* End XCConfigurationList section */
	};
	rootObject = F66D652122DAB0CA009B5CC4 /* Project object */;
}
